
Microsoft Visual Studio Solution File, Format Version 12.00
# Visual Studio Version 16
VisualStudioVersion = 16.0.29009.5
MinimumVisualStudioVersion = 10.0.40219.1
Project("{FAE04EC0-301F-11D3-BF4B-00C04F79EFBC}") = "HelloWorld", "HelloWorld\HelloWorld.csproj", "{C094C488-B588-411B-A2CF-63F5B73421F9}"
EndProject
Global
	GlobalSection(SolutionConfigurationPlatforms) = preSolution
		Debug|Any CPU = Debug|Any CPU
		Release|Any CPU = Release|Any CPU
	EndGlobalSection
	GlobalSection(ProjectConfigurationPlatforms) = postSolution
		{C094C488-B588-411B-A2CF-63F5B73421F9}.Debug|Any CPU.ActiveCfg = Debug|Any CPU
		{C094C488-B588-411B-A2CF-63F5B73421F9}.Debug|Any CPU.Build.0 = Debug|Any CPU
		{C094C488-B588-411B-A2CF-63F5B73421F9}.Release|Any CPU.ActiveCfg = Release|Any CPU
		{C094C488-B588-411B-A2CF-63F5B73421F9}.Release|Any CPU.Build.0 = Release|Any CPU
	EndGlobalSection
	GlobalSection(SolutionProperties) = preSolution
		HideSolutionNode = FALSE
	EndGlobalSection
	GlobalSection(ExtensibilityGlobals) = postSolution
		SolutionGuid = {F6D29576-758F-44FB-8063-D775B1769D5B}
	EndGlobalSection
EndGlobal
